
Microsoft Visual Studio Solution File, Format Version 12.00
# Visual Studio 15
VisualStudioVersion = 15.0.26430.14
MinimumVisualStudioVersion = 10.0.40219.1
Project("{FAE04EC0-301F-11D3-BF4B-00C04F79EFBC}") = "timetracker3", "timetracker\timetracker3.csproj", "{880367EB-DC6A-4851-821B-8361B202022E}"
EndProject
Project("{FAE04EC0-301F-11D3-BF4B-00C04F79EFBC}") = "timetracker.WinAPI", "timetracker.winapi\timetracker.WinAPI.csproj", "{8013C0FB-DDEC-4C82-8DBA-F1FF2122DEAF}"
EndProject
Project("{FAE04EC0-301F-11D3-BF4B-00C04F79EFBC}") = "timetracker.BasePlugin", "timetracker.BasePlugin\timetracker.BasePlugin.csproj", "{B1CCFE96-D40E-48CA-9BE8-2177CE5981F0}"
EndProject
Project("{FAE04EC0-301F-11D3-BF4B-00C04F79EFBC}") = "timetracker.Plugin.KeyboardTracker", "timetracker.Plugin.KeyboardTracker\timetracker.Plugin.KeyboardTracker.csproj", "{64A228E3-11CC-4423-82DB-2D49E22BEC73}"
EndProject
Project("{FAE04EC0-301F-11D3-BF4B-00C04F79EFBC}") = "timetracker.Plugin.MouseTracker", "timetracker.Plugin.MouseTracker\timetracker.Plugin.MouseTracker.csproj", "{EC9F4E1B-FF53-45CA-87FC-DA8360076652}"
EndProject
Project("{FAE04EC0-301F-11D3-BF4B-00C04F79EFBC}") = "timetracker.Plugin.ForegroundChange", "timetracker.Plugin.ForegroundChange\timetracker.Plugin.ForegroundChange.csproj", "{507E7576-B75B-45DB-9DDC-701CF14091A4}"
EndProject
Global
	GlobalSection(SolutionConfigurationPlatforms) = preSolution
		Debug|Any CPU = Debug|Any CPU
		Debug|x64 = Debug|x64
		Debug|x86 = Debug|x86
		Release|Any CPU = Release|Any CPU
		Release|x64 = Release|x64
		Release|x86 = Release|x86
	EndGlobalSection
	GlobalSection(ProjectConfigurationPlatforms) = postSolution
		{880367EB-DC6A-4851-821B-8361B202022E}.Debug|Any CPU.ActiveCfg = Debug|Any CPU
		{880367EB-DC6A-4851-821B-8361B202022E}.Debug|Any CPU.Build.0 = Debug|Any CPU
		{880367EB-DC6A-4851-821B-8361B202022E}.Debug|x64.ActiveCfg = Debug|Any CPU
		{880367EB-DC6A-4851-821B-8361B202022E}.Debug|x64.Build.0 = Debug|Any CPU
		{880367EB-DC6A-4851-821B-8361B202022E}.Debug|x86.ActiveCfg = Debug|Any CPU
		{880367EB-DC6A-4851-821B-8361B202022E}.Debug|x86.Build.0 = Debug|Any CPU
		{880367EB-DC6A-4851-821B-8361B202022E}.Release|Any CPU.ActiveCfg = Release|Any CPU
		{880367EB-DC6A-4851-821B-8361B202022E}.Release|Any CPU.Build.0 = Release|Any CPU
		{880367EB-DC6A-4851-821B-8361B202022E}.Release|x64.ActiveCfg = Release|Any CPU
		{880367EB-DC6A-4851-821B-8361B202022E}.Release|x64.Build.0 = Release|Any CPU
		{880367EB-DC6A-4851-821B-8361B202022E}.Release|x86.ActiveCfg = Release|Any CPU
		{880367EB-DC6A-4851-821B-8361B202022E}.Release|x86.Build.0 = Release|Any CPU
		{8013C0FB-DDEC-4C82-8DBA-F1FF2122DEAF}.Debug|Any CPU.ActiveCfg = Debug|Any CPU
		{8013C0FB-DDEC-4C82-8DBA-F1FF2122DEAF}.Debug|Any CPU.Build.0 = Debug|Any CPU
		{8013C0FB-DDEC-4C82-8DBA-F1FF2122DEAF}.Debug|x64.ActiveCfg = Debug|Any CPU
		{8013C0FB-DDEC-4C82-8DBA-F1FF2122DEAF}.Debug|x64.Build.0 = Debug|Any CPU
		{8013C0FB-DDEC-4C82-8DBA-F1FF2122DEAF}.Debug|x86.ActiveCfg = Debug|Any CPU
		{8013C0FB-DDEC-4C82-8DBA-F1FF2122DEAF}.Debug|x86.Build.0 = Debug|Any CPU
		{8013C0FB-DDEC-4C82-8DBA-F1FF2122DEAF}.Release|Any CPU.ActiveCfg = Release|Any CPU
		{8013C0FB-DDEC-4C82-8DBA-F1FF2122DEAF}.Release|Any CPU.Build.0 = Release|Any CPU
		{8013C0FB-DDEC-4C82-8DBA-F1FF2122DEAF}.Release|x64.ActiveCfg = Release|Any CPU
		{8013C0FB-DDEC-4C82-8DBA-F1FF2122DEAF}.Release|x64.Build.0 = Release|Any CPU
		{8013C0FB-DDEC-4C82-8DBA-F1FF2122DEAF}.Release|x86.ActiveCfg = Release|Any CPU
		{8013C0FB-DDEC-4C82-8DBA-F1FF2122DEAF}.Release|x86.Build.0 = Release|Any CPU
		{B1CCFE96-D40E-48CA-9BE8-2177CE5981F0}.Debug|Any CPU.ActiveCfg = Debug|Any CPU
		{B1CCFE96-D40E-48CA-9BE8-2177CE5981F0}.Debug|Any CPU.Build.0 = Debug|Any CPU
		{B1CCFE96-D40E-48CA-9BE8-2177CE5981F0}.Debug|x64.ActiveCfg = Debug|Any CPU
		{B1CCFE96-D40E-48CA-9BE8-2177CE5981F0}.Debug|x64.Build.0 = Debug|Any CPU
		{B1CCFE96-D40E-48CA-9BE8-2177CE5981F0}.Debug|x86.ActiveCfg = Debug|Any CPU
		{B1CCFE96-D40E-48CA-9BE8-2177CE5981F0}.Debug|x86.Build.0 = Debug|Any CPU
		{B1CCFE96-D40E-48CA-9BE8-2177CE5981F0}.Release|Any CPU.ActiveCfg = Release|Any CPU
		{B1CCFE96-D40E-48CA-9BE8-2177CE5981F0}.Release|Any CPU.Build.0 = Release|Any CPU
		{B1CCFE96-D40E-48CA-9BE8-2177CE5981F0}.Release|x64.ActiveCfg = Release|Any CPU
		{B1CCFE96-D40E-48CA-9BE8-2177CE5981F0}.Release|x64.Build.0 = Release|Any CPU
		{B1CCFE96-D40E-48CA-9BE8-2177CE5981F0}.Release|x86.ActiveCfg = Release|Any CPU
		{B1CCFE96-D40E-48CA-9BE8-2177CE5981F0}.Release|x86.Build.0 = Release|Any CPU
		{64A228E3-11CC-4423-82DB-2D49E22BEC73}.Debug|Any CPU.ActiveCfg = Debug|Any CPU
		{64A228E3-11CC-4423-82DB-2D49E22BEC73}.Debug|Any CPU.Build.0 = Debug|Any CPU
		{64A228E3-11CC-4423-82DB-2D49E22BEC73}.Debug|x64.ActiveCfg = Debug|Any CPU
		{64A228E3-11CC-4423-82DB-2D49E22BEC73}.Debug|x64.Build.0 = Debug|Any CPU
		{64A228E3-11CC-4423-82DB-2D49E22BEC73}.Debug|x86.ActiveCfg = Debug|Any CPU
		{64A228E3-11CC-4423-82DB-2D49E22BEC73}.Debug|x86.Build.0 = Debug|Any CPU
		{64A228E3-11CC-4423-82DB-2D49E22BEC73}.Release|Any CPU.ActiveCfg = Release|Any CPU
		{64A228E3-11CC-4423-82DB-2D49E22BEC73}.Release|Any CPU.Build.0 = Release|Any CPU
		{64A228E3-11CC-4423-82DB-2D49E22BEC73}.Release|x64.ActiveCfg = Release|Any CPU
		{64A228E3-11CC-4423-82DB-2D49E22BEC73}.Release|x64.Build.0 = Release|Any CPU
		{64A228E3-11CC-4423-82DB-2D49E22BEC73}.Release|x86.ActiveCfg = Release|Any CPU
		{64A228E3-11CC-4423-82DB-2D49E22BEC73}.Release|x86.Build.0 = Release|Any CPU
		{EC9F4E1B-FF53-45CA-87FC-DA8360076652}.Debug|Any CPU.ActiveCfg = Debug|Any CPU
		{EC9F4E1B-FF53-45CA-87FC-DA8360076652}.Debug|Any CPU.Build.0 = Debug|Any CPU
		{EC9F4E1B-FF53-45CA-87FC-DA8360076652}.Debug|x64.ActiveCfg = Debug|Any CPU
		{EC9F4E1B-FF53-45CA-87FC-DA8360076652}.Debug|x64.Build.0 = Debug|Any CPU
		{EC9F4E1B-FF53-45CA-87FC-DA8360076652}.Debug|x86.ActiveCfg = Debug|Any CPU
		{EC9F4E1B-FF53-45CA-87FC-DA8360076652}.Debug|x86.Build.0 = Debug|Any CPU
		{EC9F4E1B-FF53-45CA-87FC-DA8360076652}.Release|Any CPU.ActiveCfg = Release|Any CPU
		{EC9F4E1B-FF53-45CA-87FC-DA8360076652}.Release|Any CPU.Build.0 = Release|Any CPU
		{EC9F4E1B-FF53-45CA-87FC-DA8360076652}.Release|x64.ActiveCfg = Release|Any CPU
		{EC9F4E1B-FF53-45CA-87FC-DA8360076652}.Release|x64.Build.0 = Release|Any CPU
		{EC9F4E1B-FF53-45CA-87FC-DA8360076652}.Release|x86.ActiveCfg = Release|Any CPU
		{EC9F4E1B-FF53-45CA-87FC-DA8360076652}.Release|x86.Build.0 = Release|Any CPU
		{507E7576-B75B-45DB-9DDC-701CF14091A4}.Debug|Any CPU.ActiveCfg = Debug|Any CPU
		{507E7576-B75B-45DB-9DDC-701CF14091A4}.Debug|Any CPU.Build.0 = Debug|Any CPU
		{507E7576-B75B-45DB-9DDC-701CF14091A4}.Debug|x64.ActiveCfg = Debug|Any CPU
		{507E7576-B75B-45DB-9DDC-701CF14091A4}.Debug|x64.Build.0 = Debug|Any CPU
		{507E7576-B75B-45DB-9DDC-701CF14091A4}.Debug|x86.ActiveCfg = Debug|Any CPU
		{507E7576-B75B-45DB-9DDC-701CF14091A4}.Debug|x86.Build.0 = Debug|Any CPU
		{507E7576-B75B-45DB-9DDC-701CF14091A4}.Release|Any CPU.ActiveCfg = Release|Any CPU
		{507E7576-B75B-45DB-9DDC-701CF14091A4}.Release|Any CPU.Build.0 = Release|Any CPU
		{507E7576-B75B-45DB-9DDC-701CF14091A4}.Release|x64.ActiveCfg = Release|Any CPU
		{507E7576-B75B-45DB-9DDC-701CF14091A4}.Release|x64.Build.0 = Release|Any CPU
		{507E7576-B75B-45DB-9DDC-701CF14091A4}.Release|x86.ActiveCfg = Release|Any CPU
		{507E7576-B75B-45DB-9DDC-701CF14091A4}.Release|x86.Build.0 = Release|Any CPU
	EndGlobalSection
	GlobalSection(SolutionProperties) = preSolution
		HideSolutionNode = FALSE
	EndGlobalSection
EndGlobal
